
Microsoft Visual Studio Solution File, Format Version 12.00
# Visual Studio 2012
Project("{FAE04EC0-301F-11D3-BF4B-00C04F79EFBC}") = "SmartQuant.Oanda", "SmartQuant.Oanda\SmartQuant.Oanda.csproj", "{6690C706-DBF0-4DCB-A1E7-D6DA2CB7CC4E}"
EndProject
Global
	GlobalSection(SolutionConfigurationPlatforms) = preSolution
		Debug|Any CPU = Debug|Any CPU
		Release|Any CPU = Release|Any CPU
	EndGlobalSection
	GlobalSection(ProjectConfigurationPlatforms) = postSolution
		{6690C706-DBF0-4DCB-A1E7-D6DA2CB7CC4E}.Debug|Any CPU.ActiveCfg = Debug|Any CPU
		{6690C706-DBF0-4DCB-A1E7-D6DA2CB7CC4E}.Debug|Any CPU.Build.0 = Debug|Any CPU
		{6690C706-DBF0-4DCB-A1E7-D6DA2CB7CC4E}.Release|Any CPU.ActiveCfg = Release|Any CPU
		{6690C706-DBF0-4DCB-A1E7-D6DA2CB7CC4E}.Release|Any CPU.Build.0 = Release|Any CPU
	EndGlobalSection
EndGlobal
